
Microsoft Visual Studio Solution File, Format Version 12.00
# Visual Studio Version 16
VisualStudioVersion = 16.0.30611.23
MinimumVisualStudioVersion = 10.0.40219.1
Project("{FAE04EC0-301F-11D3-BF4B-00C04F79EFBC}") = "LoanCalculator", "LoanCalculator.csproj", "{2348DC2E-78AF-4F73-990E-CDF6B4CB091A}"
EndProject
Project("{FAE04EC0-301F-11D3-BF4B-00C04F79EFBC}") = "DataHelperLoanCalculator", "..\DataHelperLoanCalculator\DataHelperLoanCalculator.csproj", "{4FF63C00-4BB7-4CD4-9B4B-8E6617030A70}"
EndProject
Global
	GlobalSection(SolutionConfigurationPlatforms) = preSolution
		Debug|Any CPU = Debug|Any CPU
		Release|Any CPU = Release|Any CPU
	EndGlobalSection
	GlobalSection(ProjectConfigurationPlatforms) = postSolution
		{2348DC2E-78AF-4F73-990E-CDF6B4CB091A}.Debug|Any CPU.ActiveCfg = Debug|Any CPU
		{2348DC2E-78AF-4F73-990E-CDF6B4CB091A}.Debug|Any CPU.Build.0 = Debug|Any CPU
		{2348DC2E-78AF-4F73-990E-CDF6B4CB091A}.Release|Any CPU.ActiveCfg = Release|Any CPU
		{2348DC2E-78AF-4F73-990E-CDF6B4CB091A}.Release|Any CPU.Build.0 = Release|Any CPU
		{4FF63C00-4BB7-4CD4-9B4B-8E6617030A70}.Debug|Any CPU.ActiveCfg = Debug|Any CPU
		{4FF63C00-4BB7-4CD4-9B4B-8E6617030A70}.Debug|Any CPU.Build.0 = Debug|Any CPU
		{4FF63C00-4BB7-4CD4-9B4B-8E6617030A70}.Release|Any CPU.ActiveCfg = Release|Any CPU
		{4FF63C00-4BB7-4CD4-9B4B-8E6617030A70}.Release|Any CPU.Build.0 = Release|Any CPU
	EndGlobalSection
	GlobalSection(SolutionProperties) = preSolution
		HideSolutionNode = FALSE
	EndGlobalSection
	GlobalSection(ExtensibilityGlobals) = postSolution
		SolutionGuid = {99E00561-ECB4-4BD6-8A14-4F5E17C86250}
	EndGlobalSection
EndGlobal
