
Microsoft Visual Studio Solution File, Format Version 12.00
# Visual Studio Version 16
VisualStudioVersion = 16.0.31129.286
MinimumVisualStudioVersion = 10.0.40219.1
Project("{FAE04EC0-301F-11D3-BF4B-00C04F79EFBC}") = "DelosSantos_Summative1", "DelosSantos_Summative1\DelosSantos_Summative1.csproj", "{4E4874D7-74A9-4954-A5E8-447B4A07CD3F}"
EndProject
Global
	GlobalSection(SolutionConfigurationPlatforms) = preSolution
		Debug|Any CPU = Debug|Any CPU
		Release|Any CPU = Release|Any CPU
	EndGlobalSection
	GlobalSection(ProjectConfigurationPlatforms) = postSolution
		{4E4874D7-74A9-4954-A5E8-447B4A07CD3F}.Debug|Any CPU.ActiveCfg = Debug|Any CPU
		{4E4874D7-74A9-4954-A5E8-447B4A07CD3F}.Debug|Any CPU.Build.0 = Debug|Any CPU
		{4E4874D7-74A9-4954-A5E8-447B4A07CD3F}.Release|Any CPU.ActiveCfg = Release|Any CPU
		{4E4874D7-74A9-4954-A5E8-447B4A07CD3F}.Release|Any CPU.Build.0 = Release|Any CPU
	EndGlobalSection
	GlobalSection(SolutionProperties) = preSolution
		HideSolutionNode = FALSE
	EndGlobalSection
	GlobalSection(ExtensibilityGlobals) = postSolution
		SolutionGuid = {D8B56534-91EE-48D1-90DF-0CFF960C9B94}
	EndGlobalSection
EndGlobal
